github.com/creack/pty v1.1.9/go.mod h1:oKZEueFk5CKHvIhNR5MUki03XCEU+Q6VDXinZuGJ33E=
github.com/kr/text v0.2.0 h1:5Nx0Ya0ZqY2ygV366QzturHI13Jq95ApcVaJBhpS+AY=
github.com/kr/text v0.2.0/go.mod h1:eLer722TekiGuMkidMxC/pM04lWEeraHUUmBw8l2grE=
github.com/michiwend/golang-pretty v0.0.0-20141116172505-8ac61812ea3f h1:oF0u/1VBm5gYitYvcIh443XZuYYkR50CP0Vsj3gAa1o=
github.com/michiwend/golang-pretty v0.0.0-20141116172505-8ac61812ea3f/go.mod h1:k0nOQg5bmAmEwWAuodvib9B74Oyny6aRMpkBcVWEtKs=
